
Microsoft Visual Studio Solution File, Format Version 12.00
# Visual Studio Version 16
VisualStudioVersion = 16.0.32106.194
MinimumVisualStudioVersion = 10.0.40219.1
Project("{FAE04EC0-301F-11D3-BF4B-00C04F79EFBC}") = "FSDHAPi", "FSDHAPi\FSDHAPi.csproj", "{1BC02E6E-79F9-40A6-BADF-E2030A0BA78A}"
EndProject
Global
	GlobalSection(SolutionConfigurationPlatforms) = preSolution
		Debug|Any CPU = Debug|Any CPU
		Release|Any CPU = Release|Any CPU
	EndGlobalSection
	GlobalSection(ProjectConfigurationPlatforms) = postSolution
		{1BC02E6E-79F9-40A6-BADF-E2030A0BA78A}.Debug|Any CPU.ActiveCfg = Debug|Any CPU
		{1BC02E6E-79F9-40A6-BADF-E2030A0BA78A}.Debug|Any CPU.Build.0 = Debug|Any CPU
		{1BC02E6E-79F9-40A6-BADF-E2030A0BA78A}.Release|Any CPU.ActiveCfg = Release|Any CPU
		{1BC02E6E-79F9-40A6-BADF-E2030A0BA78A}.Release|Any CPU.Build.0 = Release|Any CPU
	EndGlobalSection
	GlobalSection(SolutionProperties) = preSolution
		HideSolutionNode = FALSE
	EndGlobalSection
	GlobalSection(ExtensibilityGlobals) = postSolution
		SolutionGuid = {C5805243-7E7A-4A1B-B028-B5140C1883FB}
	EndGlobalSection
EndGlobal
